// !$*UTF8*$!
{
	archiveVersion = 1;
	classes = {
	};
	objectVersion = 51;
	objects = {

/* Begin PBXBuildFile section */
		042595E72663B358000A8179 /* 기다린 만큼 더.mp3 in Resources */ = {isa = PBXBuildFile; fileRef = 042595E62663B358000A8179 /* 기다린 만큼 더.mp3 */; };
		04472BA426061A0800FD4BDA /* ArtCodeCollectionViewController.swift in Sources */ = {isa = PBXBuildFile; fileRef = 04472BA326061A0800FD4BDA /* ArtCodeCollectionViewController.swift */; };
		04472BA726061C7500FD4BDA /* TextCollectionViewCell.swift in Sources */ = {isa = PBXBuildFile; fileRef = 04472BA626061C7500FD4BDA /* TextCollectionViewCell.swift */; };
		04652FDB25BACFB8004DD69D /* AppDelegate.swift in Sources */ = {isa = PBXBuildFile; fileRef = 04652FDA25BACFB8004DD69D /* AppDelegate.swift */; };
		04652FDD25BACFB8004DD69D /* SceneDelegate.swift in Sources */ = {isa = PBXBuildFile; fileRef = 04652FDC25BACFB8004DD69D /* SceneDelegate.swift */; };
		04652FDF25BACFB8004DD69D /* CharacterController.swift in Sources */ = {isa = PBXBuildFile; fileRef = 04652FDE25BACFB8004DD69D /* CharacterController.swift */; };
		04652FE225BACFB8004DD69D /* Main.storyboard in Resources */ = {isa = PBXBuildFile; fileRef = 04652FE025BACFB8004DD69D /* Main.storyboard */; };
		04652FE425BACFBA004DD69D /* Assets.xcassets in Resources */ = {isa = PBXBuildFile; fileRef = 04652FE325BACFBA004DD69D /* Assets.xcassets */; };
		04652FE725BACFBA004DD69D /* LaunchScreen.storyboard in Resources */ = {isa = PBXBuildFile; fileRef = 04652FE525BACFBA004DD69D /* LaunchScreen.storyboard */; };
		04770EFB2668AA2F005D2BE8 /* CharacterView.swift in Sources */ = {isa = PBXBuildFile; fileRef = 04770EFA2668AA2F005D2BE8 /* CharacterView.swift */; };
		04770EFD2668B5CB005D2BE8 /* Character.swift in Sources */ = {isa = PBXBuildFile; fileRef = 04770EFC2668B5CB005D2BE8 /* Character.swift */; };
		04A28DA125C6AAC400B77784 /* ArtCodeViewController.swift in Sources */ = {isa = PBXBuildFile; fileRef = 04A28DA025C6AAC400B77784 /* ArtCodeViewController.swift */; };
		4F85B7E0AD2783DA390572ED /* Pods_Test.framework in Frameworks */ = {isa = PBXBuildFile; fileRef = 847D5D716F656C99E1E6BF66 /* Pods_Test.framework */; };
/* End PBXBuildFile section */

/* Begin PBXFileReference section */
		042595E62663B358000A8179 /* 기다린 만큼 더.mp3 */ = {isa = PBXFileReference; lastKnownFileType = audio.mp3; path = "기다린 만큼 더.mp3"; sourceTree = "<group>"; };
		04472BA326061A0800FD4BDA /* ArtCodeCollectionViewController.swift */ = {isa = PBXFileReference; lastKnownFileType = sourcecode.swift; path = ArtCodeCollectionViewController.swift; sourceTree = "<group>"; };
		04472BA626061C7500FD4BDA /* TextCollectionViewCell.swift */ = {isa = PBXFileReference; lastKnownFileType = sourcecode.swift; path = TextCollectionViewCell.swift; sourceTree = "<group>"; };
		04652FD725BACFB8004DD69D /* Test.app */ = {isa = PBXFileReference; explicitFileType = wrapper.application; includeInIndex = 0; path = Test.app; sourceTree = BUILT_PRODUCTS_DIR; };
		04652FDA25BACFB8004DD69D /* AppDelegate.swift */ = {isa = PBXFileReference; lastKnownFileType = sourcecode.swift; path = AppDelegate.swift; sourceTree = "<group>"; };
		04652FDC25BACFB8004DD69D /* SceneDelegate.swift */ = {isa = PBXFileReference; lastKnownFileType = sourcecode.swift; path = SceneDelegate.swift; sourceTree = "<group>"; };
		04652FDE25BACFB8004DD69D /* CharacterController.swift */ = {isa = PBXFileReference; lastKnownFileType = sourcecode.swift; path = CharacterController.swift; sourceTree = "<group>"; };
		04652FE125BACFB8004DD69D /* Base */ = {isa = PBXFileReference; lastKnownFileType = file.storyboard; name = Base; path = Base.lproj/Main.storyboard; sourceTree = "<group>"; };
		04652FE325BACFBA004DD69D /* Assets.xcassets */ = {isa = PBXFileReference; lastKnownFileType = folder.assetcatalog; path = Assets.xcassets; sourceTree = "<group>"; };
		04652FE625BACFBA004DD69D /* Base */ = {isa = PBXFileReference; lastKnownFileType = file.storyboard; name = Base; path = Base.lproj/LaunchScreen.storyboard; sourceTree = "<group>"; };
		04652FE825BACFBA004DD69D /* Info.plist */ = {isa = PBXFileReference; lastKnownFileType = text.plist.xml; path = Info.plist; sourceTree = "<group>"; };
		04770EFA2668AA2F005D2BE8 /* CharacterView.swift */ = {isa = PBXFileReference; lastKnownFileType = sourcecode.swift; path = CharacterView.swift; sourceTree = "<group>"; };
		04770EFC2668B5CB005D2BE8 /* Character.swift */ = {isa = PBXFileReference; lastKnownFileType = sourcecode.swift; path = Character.swift; sourceTree = "<group>"; };
		04A28DA025C6AAC400B77784 /* ArtCodeViewController.swift */ = {isa = PBXFileReference; lastKnownFileType = sourcecode.swift; path = ArtCodeViewController.swift; sourceTree = "<group>"; };
		04EA111825BBED53005E78DC /* Algorithm.playground */ = {isa = PBXFileReference; lastKnownFileType = file.playground; path = Algorithm.playground; sourceTree = "<group>"; xcLanguageSpecificationIdentifier = xcode.lang.swift; };
		67A0CE835FAAD3F0201D917C /* Pods-Test.release.xcconfig */ = {isa = PBXFileReference; includeInIndex = 1; lastKnownFileType = text.xcconfig; name = "Pods-Test.release.xcconfig"; path = "Target Support Files/Pods-Test/Pods-Test.release.xcconfig"; sourceTree = "<group>"; };
		6B5CA6955651553F09EB7771 /* Pods-Test.debug.xcconfig */ = {isa = PBXFileReference; includeInIndex = 1; lastKnownFileType = text.xcconfig; name = "Pods-Test.debug.xcconfig"; path = "Target Support Files/Pods-Test/Pods-Test.debug.xcconfig"; sourceTree = "<group>"; };
		847D5D716F656C99E1E6BF66 /* Pods_Test.framework */ = {isa = PBXFileReference; explicitFileType = wrapper.framework; includeInIndex = 0; path = Pods_Test.framework; sourceTree = BUILT_PRODUCTS_DIR; };
/* End PBXFileReference section */

/* Begin PBXFrameworksBuildPhase section */
		04652FD425BACFB8004DD69D /* Frameworks */ = {
			isa = PBXFrameworksBuildPhase;
			buildActionMask = 2147483647;
			files = (
				4F85B7E0AD2783DA390572ED /* Pods_Test.framework in Frameworks */,
			);
			runOnlyForDeploymentPostprocessing = 0;
		};
/* End PBXFrameworksBuildPhase section */

/* Begin PBXGroup section */
		04652FCE25BACFB8004DD69D = {
			isa = PBXGroup;
			children = (
				04652FD925BACFB8004DD69D /* Test */,
				04652FD825BACFB8004DD69D /* Products */,
				D46932966880C7FCBF2AE16B /* Pods */,
				CBE2870FB34F05628B9A44F7 /* Frameworks */,
			);
			sourceTree = "<group>";
		};
		04652FD825BACFB8004DD69D /* Products */ = {
			isa = PBXGroup;
			children = (
				04652FD725BACFB8004DD69D /* Test.app */,
			);
			name = Products;
			sourceTree = "<group>";
		};
		04652FD925BACFB8004DD69D /* Test */ = {
			isa = PBXGroup;
			children = (
				04652FDA25BACFB8004DD69D /* AppDelegate.swift */,
				04652FDC25BACFB8004DD69D /* SceneDelegate.swift */,
				04652FDE25BACFB8004DD69D /* CharacterController.swift */,
				04652FE025BACFB8004DD69D /* Main.storyboard */,
				04652FE325BACFBA004DD69D /* Assets.xcassets */,
				04652FE525BACFBA004DD69D /* LaunchScreen.storyboard */,
				04652FE825BACFBA004DD69D /* Info.plist */,
				04EA111825BBED53005E78DC /* Algorithm.playground */,
				04A28DA025C6AAC400B77784 /* ArtCodeViewController.swift */,
				04472BA326061A0800FD4BDA /* ArtCodeCollectionViewController.swift */,
				04472BA626061C7500FD4BDA /* TextCollectionViewCell.swift */,
				042595E62663B358000A8179 /* 기다린 만큼 더.mp3 */,
				04770EFA2668AA2F005D2BE8 /* CharacterView.swift */,
				04770EFC2668B5CB005D2BE8 /* Character.swift */,
			);
			path = Test;
			sourceTree = "<group>";
		};
		CBE2870FB34F05628B9A44F7 /* Frameworks */ = {
			isa = PBXGroup;
			children = (
				847D5D716F656C99E1E6BF66 /* Pods_Test.framework */,
			);
			name = Frameworks;
			sourceTree = "<group>";
		};
		D46932966880C7FCBF2AE16B /* Pods */ = {
			isa = PBXGroup;
			children = (
				6B5CA6955651553F09EB7771 /* Pods-Test.debug.xcconfig */,
				67A0CE835FAAD3F0201D917C /* Pods-Test.release.xcconfig */,
			);
			path = Pods;
			sourceTree = "<group>";
		};
/* End PBXGroup section */

/* Begin PBXNativeTarget section */
		04652FD625BACFB8004DD69D /* Test */ = {
			isa = PBXNativeTarget;
			buildConfigurationList = 04652FEB25BACFBA004DD69D /* Build configuration list for PBXNativeTarget "Test" */;
			buildPhases = (
				5906A9B704DD3E8826C2FEE1 /* [CP] Check Pods Manifest.lock */,
				04652FD325BACFB8004DD69D /* Sources */,
				04652FD425BACFB8004DD69D /* Frameworks */,
				04652FD525BACFB8004DD69D /* Resources */,
				3A963D1091D4157CC71F55EF /* [CP] Embed Pods Frameworks */,
			);
			buildRules = (
			);
			dependencies = (
			);
			name = Test;
			productName = Test;
			productReference = 04652FD725BACFB8004DD69D /* Test.app */;
			productType = "com.apple.product-type.application";
		};
/* End PBXNativeTarget section */

/* Begin PBXProject section */
		04652FCF25BACFB8004DD69D /* Project object */ = {
			isa = PBXProject;
			attributes = {
				LastSwiftUpdateCheck = 1230;
				LastUpgradeCheck = 1230;
				TargetAttributes = {
					04652FD625BACFB8004DD69D = {
						CreatedOnToolsVersion = 12.3;
					};
				};
			};
			buildConfigurationList = 04652FD225BACFB8004DD69D /* Build configuration list for PBXProject "Test" */;
			compatibilityVersion = "Xcode 9.3";
			developmentRegion = en;
			hasScannedForEncodings = 0;
			knownRegions = (
				en,
				Base,
			);
			mainGroup = 04652FCE25BACFB8004DD69D;
			productRefGroup = 04652FD825BACFB8004DD69D /* Products */;
			projectDirPath = "";
			projectRoot = "";
			targets = (
				04652FD625BACFB8004DD69D /* Test */,
			);
		};
/* End PBXProject section */

/* Begin PBXResourcesBuildPhase section */
		04652FD525BACFB8004DD69D /* Resources */ = {
			isa = PBXResourcesBuildPhase;
			buildActionMask = 2147483647;
			files = (
				042595E72663B358000A8179 /* 기다린 만큼 더.mp3 in Resources */,
				04652FE725BACFBA004DD69D /* LaunchScreen.storyboard in Resources */,
				04652FE425BACFBA004DD69D /* Assets.xcassets in Resources */,
				04652FE225BACFB8004DD69D /* Main.storyboard in Resources */,
			);
			runOnlyForDeploymentPostprocessing = 0;
		};
/* End PBXResourcesBuildPhase section */

/* Begin PBXShellScriptBuildPhase section */
		3A963D1091D4157CC71F55EF /* [CP] Embed Pods Frameworks */ = {
			isa = PBXShellScriptBuildPhase;
			buildActionMask = 2147483647;
			files = (
			);
			inputFileListPaths = (
				"${PODS_ROOT}/Target Support Files/Pods-Test/Pods-Test-frameworks-${CONFIGURATION}-input-files.xcfilelist",
			);
			name = "[CP] Embed Pods Frameworks";
			outputFileListPaths = (
				"${PODS_ROOT}/Target Support Files/Pods-Test/Pods-Test-frameworks-${CONFIGURATION}-output-files.xcfilelist",
			);
			runOnlyForDeploymentPostprocessing = 0;
			shellPath = /bin/sh;
			shellScript = "\"${PODS_ROOT}/Target Support Files/Pods-Test/Pods-Test-frameworks.sh\"\n";
			showEnvVarsInLog = 0;
		};
		5906A9B704DD3E8826C2FEE1 /* [CP] Check Pods Manifest.lock */ = {
			isa = PBXShellScriptBuildPhase;
			buildActionMask = 2147483647;
			files = (
			);
			inputFileListPaths = (
			);
			inputPaths = (
				"${PODS_PODFILE_DIR_PATH}/Podfile.lock",
				"${PODS_ROOT}/Manifest.lock",
			);
			name = "[CP] Check Pods Manifest.lock";
			outputFileListPaths = (
			);
			outputPaths = (
				"$(DERIVED_FILE_DIR)/Pods-Test-checkManifestLockResult.txt",
			);
			runOnlyForDeploymentPostprocessing = 0;
			shellPath = /bin/sh;
			shellScript = "diff \"${PODS_PODFILE_DIR_PATH}/Podfile.lock\" \"${PODS_ROOT}/Manifest.lock\" > /dev/null\nif [ $? != 0 ] ; then\n    # print error to STDERR\n    echo \"error: The sandbox is not in sync with the Podfile.lock. Run 'pod install' or update your CocoaPods installation.\" >&2\n    exit 1\nfi\n# This output is used by Xcode 'outputs' to avoid re-running this script phase.\necho \"SUCCESS\" > \"${SCRIPT_OUTPUT_FILE_0}\"\n";
			showEnvVarsInLog = 0;
		};
/* End PBXShellScriptBuildPhase section */

/* Begin PBXSourcesBuildPhase section */
		04652FD325BACFB8004DD69D /* Sources */ = {
			isa = PBXSourcesBuildPhase;
			buildActionMask = 2147483647;
			files = (
				04472BA426061A0800FD4BDA /* ArtCodeCollectionViewController.swift in Sources */,
				04652FDF25BACFB8004DD69D /* CharacterController.swift in Sources */,
				04652FDB25BACFB8004DD69D /* AppDelegate.swift in Sources */,
				04472BA726061C7500FD4BDA /* TextCollectionViewCell.swift in Sources */,
				04652FDD25BACFB8004DD69D /* SceneDelegate.swift in Sources */,
				04A28DA125C6AAC400B77784 /* ArtCodeViewController.swift in Sources */,
				04770EFB2668AA2F005D2BE8 /* CharacterView.swift in Sources */,
				04770EFD2668B5CB005D2BE8 /* Character.swift in Sources */,
			);
			runOnlyForDeploymentPostprocessing = 0;
		};
/* End PBXSourcesBuildPhase section */

/* Begin PBXVariantGroup section */
		04652FE025BACFB8004DD69D /* Main.storyboard */ = {
			isa = PBXVariantGroup;
			children = (
				04652FE125BACFB8004DD69D /* Base */,
			);
			name = Main.storyboard;
			sourceTree = "<group>";
		};
		04652FE525BACFBA004DD69D /* LaunchScreen.storyboard */ = {
			isa = PBXVariantGroup;
			children = (
				04652FE625BACFBA004DD69D /* Base */,
			);
			name = LaunchScreen.storyboard;
			sourceTree = "<group>";
		};
/* End PBXVariantGroup section */

/* Begin XCBuildConfiguration section */
		04652FE925BACFBA004DD69D /* Debug */ = {
			isa = XCBuildConfiguration;
			buildSettings = {
				ALWAYS_SEARCH_USER_PATHS = NO;
				CLANG_ANALYZER_NONNULL = YES;
				CLANG_ANALYZER_NUMBER_OBJECT_CONVERSION = YES_AGGRESSIVE;
				CLANG_CXX_LANGUAGE_STANDARD = "gnu++14";
				CLANG_CXX_LIBRARY = "libc++";
				CLANG_ENABLE_MODULES = YES;
				CLANG_ENABLE_OBJC_ARC = YES;
				CLANG_ENABLE_OBJC_WEAK = YES;
				CLANG_WARN_BLOCK_CAPTURE_AUTORELEASING = YES;
				CLANG_WARN_BOOL_CONVERSION = YES;
				CLANG_WARN_COMMA = YES;
				CLANG_WARN_CONSTANT_CONVERSION = YES;
				CLANG_WARN_DEPRECATED_OBJC_IMPLEMENTATIONS = YES;
				CLANG_WARN_DIRECT_OBJC_ISA_USAGE = YES_ERROR;
				CLANG_WARN_DOCUMENTATION_COMMENTS = YES;
				CLANG_WARN_EMPTY_BODY = YES;
				CLANG_WARN_ENUM_CONVERSION = YES;
				CLANG_WARN_INFINITE_RECURSION = YES;
				CLANG_WARN_INT_CONVERSION = YES;
				CLANG_WARN_NON_LITERAL_NULL_CONVERSION = YES;
				CLANG_WARN_OBJC_IMPLICIT_RETAIN_SELF = YES;
				CLANG_WARN_OBJC_LITERAL_CONVERSION = YES;
				CLANG_WARN_OBJC_ROOT_CLASS = YES_ERROR;
				CLANG_WARN_QUOTED_INCLUDE_IN_FRAMEWORK_HEADER = YES;
				CLANG_WARN_RANGE_LOOP_ANALYSIS = YES;
				CLANG_WARN_STRICT_PROTOTYPES = YES;
				CLANG_WARN_SUSPICIOUS_MOVE = YES;
				CLANG_WARN_UNGUARDED_AVAILABILITY = YES_AGGRESSIVE;
				CLANG_WARN_UNREACHABLE_CODE = YES;
				CLANG_WARN__DUPLICATE_METHOD_MATCH = YES;
				COPY_PHASE_STRIP = NO;
				DEBUG_INFORMATION_FORMAT = dwarf;
				ENABLE_STRICT_OBJC_MSGSEND = YES;
				ENABLE_TESTABILITY = YES;
				GCC_C_LANGUAGE_STANDARD = gnu11;
				GCC_DYNAMIC_NO_PIC = NO;
				GCC_NO_COMMON_BLOCKS = YES;
				GCC_OPTIMIZATION_LEVEL = 0;
				GCC_PREPROCESSOR_DEFINITIONS = (
					"DEBUG=1",
					"$(inherited)",
				);
				GCC_WARN_64_TO_32_BIT_CONVERSION = YES;
				GCC_WARN_ABOUT_RETURN_TYPE = YES_ERROR;
				GCC_WARN_UNDECLARED_SELECTOR = YES;
				GCC_WARN_UNINITIALIZED_AUTOS = YES_AGGRESSIVE;
				GCC_WARN_UNUSED_FUNCTION = YES;
				GCC_WARN_UNUSED_VARIABLE = YES;
				IPHONEOS_DEPLOYMENT_TARGET = 14.3;
				MTL_ENABLE_DEBUG_INFO = INCLUDE_SOURCE;
				MTL_FAST_MATH = YES;
				ONLY_ACTIVE_ARCH = YES;
				SDKROOT = iphoneos;
				SWIFT_ACTIVE_COMPILATION_CONDITIONS = DEBUG;
				SWIFT_OPTIMIZATION_LEVEL = "-Onone";
			};
			name = Debug;
		};
		04652FEA25BACFBA004DD69D /* Release */ = {
			isa = XCBuildConfiguration;
			buildSettings = {
				ALWAYS_SEARCH_USER_PATHS = NO;
				CLANG_ANALYZER_NONNULL = YES;
				CLANG_ANALYZER_NUMBER_OBJECT_CONVERSION = YES_AGGRESSIVE;
				CLANG_CXX_LANGUAGE_STANDARD = "gnu++14";
				CLANG_CXX_LIBRARY = "libc++";
				CLANG_ENABLE_MODULES = YES;
				CLANG_ENABLE_OBJC_ARC = YES;
				CLANG_ENABLE_OBJC_WEAK = YES;
				CLANG_WARN_BLOCK_CAPTURE_AUTORELEASING = YES;
				CLANG_WARN_BOOL_CONVERSION = YES;
				CLANG_WARN_COMMA = YES;
				CLANG_WARN_CONSTANT_CONVERSION = YES;
				CLANG_WARN_DEPRECATED_OBJC_IMPLEMENTATIONS = YES;
				CLANG_WARN_DIRECT_OBJC_ISA_USAGE = YES_ERROR;
				CLANG_WARN_DOCUMENTATION_COMMENTS = YES;
				CLANG_WARN_EMPTY_BODY = YES;
				CLANG_WARN_ENUM_CONVERSION = YES;
				CLANG_WARN_INFINITE_RECURSION = YES;
				CLANG_WARN_INT_CONVERSION = YES;
				CLANG_WARN_NON_LITERAL_NULL_CONVERSION = YES;
				CLANG_WARN_OBJC_IMPLICIT_RETAIN_SELF = YES;
				CLANG_WARN_OBJC_LITERAL_CONVERSION = YES;
				CLANG_WARN_OBJC_ROOT_CLASS = YES_ERROR;
				CLANG_WARN_QUOTED_INCLUDE_IN_FRAMEWORK_HEADER = YES;
				CLANG_WARN_RANGE_LOOP_ANALYSIS = YES;
				CLANG_WARN_STRICT_PROTOTYPES = YES;
				CLANG_WARN_SUSPICIOUS_MOVE = YES;
				CLANG_WARN_UNGUARDED_AVAILABILITY = YES_AGGRESSIVE;
				CLANG_WARN_UNREACHABLE_CODE = YES;
				CLANG_WARN__DUPLICATE_METHOD_MATCH = YES;
				COPY_PHASE_STRIP = NO;
				DEBUG_INFORMATION_FORMAT = "dwarf-with-dsym";
				ENABLE_NS_ASSERTIONS = NO;
				ENABLE_STRICT_OBJC_MSGSEND = YES;
				GCC_C_LANGUAGE_STANDARD = gnu11;
				GCC_NO_COMMON_BLOCKS = YES;
				GCC_WARN_64_TO_32_BIT_CONVERSION = YES;
				GCC_WARN_ABOUT_RETURN_TYPE = YES_ERROR;
				GCC_WARN_UNDECLARED_SELECTOR = YES;
				GCC_WARN_UNINITIALIZED_AUTOS = YES_AGGRESSIVE;
				GCC_WARN_UNUSED_FUNCTION = YES;
				GCC_WARN_UNUSED_VARIABLE = YES;
				IPHONEOS_DEPLOYMENT_TARGET = 14.3;
				MTL_ENABLE_DEBUG_INFO = NO;
				MTL_FAST_MATH = YES;
				SDKROOT = iphoneos;
				SWIFT_COMPILATION_MODE = wholemodule;
				SWIFT_OPTIMIZATION_LEVEL = "-O";
				VALIDATE_PRODUCT = YES;
			};
			name = Release;
		};
		04652FEC25BACFBA004DD69D /* Debug */ = {
			isa = XCBuildConfiguration;
			baseConfigurationReference = 6B5CA6955651553F09EB7771 /* Pods-Test.debug.xcconfig */;
			buildSettings = {
				ASSETCATALOG_COMPILER_APPICON_NAME = AppIcon;
				ASSETCATALOG_COMPILER_GLOBAL_ACCENT_COLOR_NAME = AccentColor;
				CODE_SIGN_STYLE = Automatic;
				DEVELOPMENT_TEAM = 2F54VR68GM;
				INFOPLIST_FILE = Test/Info.plist;
				LD_RUNPATH_SEARCH_PATHS = (
					"$(inherited)",
					"@executable_path/Frameworks",
				);
				PRODUCT_BUNDLE_IDENTIFIER = com.fomagran.Test;
				PRODUCT_NAME = "$(TARGET_NAME)";
				SWIFT_VERSION = 5.0;
				TARGETED_DEVICE_FAMILY = "1,2";
			};
			name = Debug;
		};
		04652FED25BACFBA004DD69D /* Release */ = {
			isa = XCBuildConfiguration;
			baseConfigurationReference = 67A0CE835FAAD3F0201D917C /* Pods-Test.release.xcconfig */;
			buildSettings = {
				ASSETCATALOG_COMPILER_APPICON_NAME = AppIcon;
				ASSETCATALOG_COMPILER_GLOBAL_ACCENT_COLOR_NAME = AccentColor;
				CODE_SIGN_STYLE = Automatic;
				DEVELOPMENT_TEAM = 2F54VR68GM;
				INFOPLIST_FILE = Test/Info.plist;
				LD_RUNPATH_SEARCH_PATHS = (
					"$(inherited)",
					"@executable_path/Frameworks",
				);
				PRODUCT_BUNDLE_IDENTIFIER = com.fomagran.Test;
				PRODUCT_NAME = "$(TARGET_NAME)";
				SWIFT_VERSION = 5.0;
				TARGETED_DEVICE_FAMILY = "1,2";
			};
			name = Release;
		};
/* End XCBuildConfiguration section */

/* Begin XCConfigurationList section */
		04652FD225BACFB8004DD69D /* Build configuration list for PBXProject "Test" */ = {
			isa = XCConfigurationList;
			buildConfigurations = (
				04652FE925BACFBA004DD69D /* Debug */,
				04652FEA25BACFBA004DD69D /* Release */,
			);
			defaultConfigurationIsVisible = 0;
			defaultConfigurationName = Release;
		};
		04652FEB25BACFBA004DD69D /* Build configuration list for PBXNativeTarget "Test" */ = {
			isa = XCConfigurationList;
			buildConfigurations = (
				04652FEC25BACFBA004DD69D /* Debug */,
				04652FED25BACFBA004DD69D /* Release */,
			);
			defaultConfigurationIsVisible = 0;
			defaultConfigurationName = Release;
		};
/* End XCConfigurationList section */
	};
	rootObject = 04652FCF25BACFB8004DD69D /* Project object */;
}
